<?xml version="1.0" encoding="utf-8"?>
<Project ToolsVersion="4.0" xmlns="http://schemas.microsoft.com/developer/msbuild/2003">
  <ItemGroup>
    <ClCompile Include="Allocateur.cpp" />
    <ClCompile Include="GameObject.cpp" />
    <ClCompile Include="Main.cpp" />
    <ClCompile Include="MeshComponent.cpp" />
    <ClCompile Include="Particle.cpp" />
    <ClCompile Include="Task.cpp" />
    <ClCompile Include="ThreadManager.cpp" />
    <ClCompile Include="RendererComponent.cpp" />
    <ClCompile Include="RigidBodyComponent.cpp" />
  </ItemGroup>
  <ItemGroup>
    <ClInclude Include="Allocateur.h" />
    <ClInclude Include="Component.h" />
    <ClInclude Include="GameObject.h" />
    <ClInclude Include="MeshComponent.h" />
    <ClInclude Include="Particle.h" />
    <ClInclude Include="Task.h" />
    <ClInclude Include="ThreadManager.h" />
    <ClInclude Include="Transform.h" />
    <ClInclude Include="Utils.h" />
    <ClInclude Include="RendererComponent.h" />
    <ClInclude Include="RigidBodyComponent.h" />
  </ItemGroup>
</Project>